Microsoft Visual Studio Solution File, Format Version 12.00
# Visual Studio Version 17
VisualStudioVersion = 17.5.2.0
MinimumVisualStudioVersion = 10.0.40219.1
Project("{FAE04EC0-301F-11D3-BF4B-00C04F79EFBC}") = "Aula12", "Aula12\Aula12.csproj", "{E7E0C130-88DD-33F8-D00D-8C0EAB654902}"
EndProject
Project("{FAE04EC0-301F-11D3-BF4B-00C04F79EFBC}") = "Aula13", "Aula13\Aula13.csproj", "{3FF79F00-AFD4-E550-FD22-A78735B8F5A6}"
EndProject
Project("{FAE04EC0-301F-11D3-BF4B-00C04F79EFBC}") = "exercicio_aula13", "exercicio_aula13\exercicio_aula13.csproj", "{3F11DE57-D020-1A39-461E-B7B0C51B6F29}"
EndProject
Project("{2150E333-8FDC-42A3-9474-1A3956D46DE8}") = "Aula15", "Aula15", "{4B48EA40-26ED-A3BC-20D9-67585C081DD1}"
EndProject
Project("{2150E333-8FDC-42A3-9474-1A3956D46DE8}") = "aula11", "aula11", "{CD42F4DA-51E2-B10B-0E77-D7010FC64469}"
EndProject
Project("{2150E333-8FDC-42A3-9474-1A3956D46DE8}") = "aula14", "aula14", "{5C6F38EB-7C65-32B4-D6CF-C8BBDD8770B3}"
EndProject
Project("{2150E333-8FDC-42A3-9474-1A3956D46DE8}") = "aula16", "aula16", "{95A44A65-61D1-DA61-AC3F-50A3E4316201}"
EndProject
Project("{2150E333-8FDC-42A3-9474-1A3956D46DE8}") = "aula_04", "aula_04", "{78B6B6E1-DB83-2852-48AF-3DE0553535F0}"
EndProject
Project("{2150E333-8FDC-42A3-9474-1A3956D46DE8}") = "aula_06", "aula_06", "{FFD381FB-4A87-78FB-4D1A-E634EF5E3E8C}"
EndProject
Project("{FAE04EC0-301F-11D3-BF4B-00C04F79EFBC}") = "Exercicio1", "Aula15\Exercicio1\Exercicio1.csproj", "{AE81202C-9DC4-3E39-2D9C-BE05F86CA627}"
EndProject
Project("{FAE04EC0-301F-11D3-BF4B-00C04F79EFBC}") = "Aula11", "aula11\Aula11\Aula11.csproj", "{AFB774ED-9069-F5BD-C8B0-109D1F6AB4D1}"
EndProject
Project("{FAE04EC0-301F-11D3-BF4B-00C04F79EFBC}") = "exercicio1", "aula14\exercicio1\exercicio1.csproj", "{EE1A9969-013D-091B-A05A-C88384564774}"
EndProject
Project("{FAE04EC0-301F-11D3-BF4B-00C04F79EFBC}") = "ManipulacaoDeArquivos", "aula16\ManipulacaoDeArquivos\ManipulacaoDeArquivos.csproj", "{C151033A-4461-4A61-7465-0FC8EC76C270}"
EndProject
Project("{2150E333-8FDC-42A3-9474-1A3956D46DE8}") = "tabuada_dinamica", "tabuada_dinamica", "{B6D1A6A7-9BD4-98C6-98E6-1B48CF16F5A5}"
EndProject
Project("{FAE04EC0-301F-11D3-BF4B-00C04F79EFBC}") = "Aula04App", "aula_04\tabuada_dinamica\Aula04App.csproj", "{FD44EF79-81E0-F28A-E1A3-E4B81BFD0AD5}"
EndProject
Project("{FAE04EC0-301F-11D3-BF4B-00C04F79EFBC}") = "Exercicio01", "aula_06\Exercicio01\Exercicio01.csproj", "{083B0719-BEFE-CC84-3748-F7727E319927}"
EndProject
Project("{FAE04EC0-301F-11D3-BF4B-00C04F79EFBC}") = "Exercicio02", "aula_06\Exercicio02\Exercicio02.csproj", "{3D3680AB-844D-2D1F-E3F8-FCFEA59FDE69}"
EndProject
Project("{FAE04EC0-301F-11D3-BF4B-00C04F79EFBC}") = "Exercicio03", "aula_06\Exercicio03\Exercicio03.csproj", "{BD5BAEEC-2BE3-9F19-53F5-00A3673434D4}"
EndProject
Project("{FAE04EC0-301F-11D3-BF4B-00C04F79EFBC}") = "TesteAula06", "aula_06\TesteAula06\TesteAula06.csproj", "{B3F588ED-0637-67A0-B780-673C74A08232}"
EndProject
Project("{2150E333-8FDC-42A3-9474-1A3956D46DE8}") = "tabuada_sob_demanda", "tabuada_sob_demanda", "{D0FCA1F3-4DC8-FF05-9D0D-696D806EB835}"
EndProject
Project("{2150E333-8FDC-42A3-9474-1A3956D46DE8}") = "tabuada_sob_demanda", "tabuada_sob_demanda", "{A0B8BE75-595E-3FB5-29C2-ABCBB7F7154B}"
EndProject
Project("{FAE04EC0-301F-11D3-BF4B-00C04F79EFBC}") = "TabuadaDemanda", "aula_04\tabuada_sob_demanda\tabuada_sob_demanda\TabuadaDemanda.csproj", "{086304CB-817A-5054-5F70-A875F8404E66}"
EndProject
Global
	GlobalSection(SolutionConfigurationPlatforms) = preSolution
		Debug|Any CPU = Debug|Any CPU
		Release|Any CPU = Release|Any CPU
	EndGlobalSection
	GlobalSection(ProjectConfigurationPlatforms) = postSolution
		{E7E0C130-88DD-33F8-D00D-8C0EAB654902}.Debug|Any CPU.ActiveCfg = Debug|Any CPU
		{E7E0C130-88DD-33F8-D00D-8C0EAB654902}.Debug|Any CPU.Build.0 = Debug|Any CPU
		{E7E0C130-88DD-33F8-D00D-8C0EAB654902}.Release|Any CPU.ActiveCfg = Release|Any CPU
		{E7E0C130-88DD-33F8-D00D-8C0EAB654902}.Release|Any CPU.Build.0 = Release|Any CPU
		{3FF79F00-AFD4-E550-FD22-A78735B8F5A6}.Debug|Any CPU.ActiveCfg = Debug|Any CPU
		{3FF79F00-AFD4-E550-FD22-A78735B8F5A6}.Debug|Any CPU.Build.0 = Debug|Any CPU
		{3FF79F00-AFD4-E550-FD22-A78735B8F5A6}.Release|Any CPU.ActiveCfg = Release|Any CPU
		{3FF79F00-AFD4-E550-FD22-A78735B8F5A6}.Release|Any CPU.Build.0 = Release|Any CPU
		{3F11DE57-D020-1A39-461E-B7B0C51B6F29}.Debug|Any CPU.ActiveCfg = Debug|Any CPU
		{3F11DE57-D020-1A39-461E-B7B0C51B6F29}.Debug|Any CPU.Build.0 = Debug|Any CPU
		{3F11DE57-D020-1A39-461E-B7B0C51B6F29}.Release|Any CPU.ActiveCfg = Release|Any CPU
		{3F11DE57-D020-1A39-461E-B7B0C51B6F29}.Release|Any CPU.Build.0 = Release|Any CPU
		{AE81202C-9DC4-3E39-2D9C-BE05F86CA627}.Debug|Any CPU.ActiveCfg = Debug|Any CPU
		{AE81202C-9DC4-3E39-2D9C-BE05F86CA627}.Debug|Any CPU.Build.0 = Debug|Any CPU
		{AE81202C-9DC4-3E39-2D9C-BE05F86CA627}.Release|Any CPU.ActiveCfg = Release|Any CPU
		{AE81202C-9DC4-3E39-2D9C-BE05F86CA627}.Release|Any CPU.Build.0 = Release|Any CPU
		{AFB774ED-9069-F5BD-C8B0-109D1F6AB4D1}.Debug|Any CPU.ActiveCfg = Debug|Any CPU
		{AFB774ED-9069-F5BD-C8B0-109D1F6AB4D1}.Debug|Any CPU.Build.0 = Debug|Any CPU
		{AFB774ED-9069-F5BD-C8B0-109D1F6AB4D1}.Release|Any CPU.ActiveCfg = Release|Any CPU
		{AFB774ED-9069-F5BD-C8B0-109D1F6AB4D1}.Release|Any CPU.Build.0 = Release|Any CPU
		{EE1A9969-013D-091B-A05A-C88384564774}.Debug|Any CPU.ActiveCfg = Debug|Any CPU
		{EE1A9969-013D-091B-A05A-C88384564774}.Debug|Any CPU.Build.0 = Debug|Any CPU
		{EE1A9969-013D-091B-A05A-C88384564774}.Release|Any CPU.ActiveCfg = Release|Any CPU
		{EE1A9969-013D-091B-A05A-C88384564774}.Release|Any CPU.Build.0 = Release|Any CPU
		{C151033A-4461-4A61-7465-0FC8EC76C270}.Debug|Any CPU.ActiveCfg = Debug|Any CPU
		{C151033A-4461-4A61-7465-0FC8EC76C270}.Debug|Any CPU.Build.0 = Debug|Any CPU
		{C151033A-4461-4A61-7465-0FC8EC76C270}.Release|Any CPU.ActiveCfg = Release|Any CPU
		{C151033A-4461-4A61-7465-0FC8EC76C270}.Release|Any CPU.Build.0 = Release|Any CPU
		{FD44EF79-81E0-F28A-E1A3-E4B81BFD0AD5}.Debug|Any CPU.ActiveCfg = Debug|Any CPU
		{FD44EF79-81E0-F28A-E1A3-E4B81BFD0AD5}.Debug|Any CPU.Build.0 = Debug|Any CPU
		{FD44EF79-81E0-F28A-E1A3-E4B81BFD0AD5}.Release|Any CPU.ActiveCfg = Release|Any CPU
		{FD44EF79-81E0-F28A-E1A3-E4B81BFD0AD5}.Release|Any CPU.Build.0 = Release|Any CPU
		{083B0719-BEFE-CC84-3748-F7727E319927}.Debug|Any CPU.ActiveCfg = Debug|Any CPU
		{083B0719-BEFE-CC84-3748-F7727E319927}.Debug|Any CPU.Build.0 = Debug|Any CPU
		{083B0719-BEFE-CC84-3748-F7727E319927}.Release|Any CPU.ActiveCfg = Release|Any CPU
		{083B0719-BEFE-CC84-3748-F7727E319927}.Release|Any CPU.Build.0 = Release|Any CPU
		{3D3680AB-844D-2D1F-E3F8-FCFEA59FDE69}.Debug|Any CPU.ActiveCfg = Debug|Any CPU
		{3D3680AB-844D-2D1F-E3F8-FCFEA59FDE69}.Debug|Any CPU.Build.0 = Debug|Any CPU
		{3D3680AB-844D-2D1F-E3F8-FCFEA59FDE69}.Release|Any CPU.ActiveCfg = Release|Any CPU
		{3D3680AB-844D-2D1F-E3F8-FCFEA59FDE69}.Release|Any CPU.Build.0 = Release|Any CPU
		{BD5BAEEC-2BE3-9F19-53F5-00A3673434D4}.Debug|Any CPU.ActiveCfg = Debug|Any CPU
		{BD5BAEEC-2BE3-9F19-53F5-00A3673434D4}.Debug|Any CPU.Build.0 = Debug|Any CPU
		{BD5BAEEC-2BE3-9F19-53F5-00A3673434D4}.Release|Any CPU.ActiveCfg = Release|Any CPU
		{BD5BAEEC-2BE3-9F19-53F5-00A3673434D4}.Release|Any CPU.Build.0 = Release|Any CPU
		{B3F588ED-0637-67A0-B780-673C74A08232}.Debug|Any CPU.ActiveCfg = Debug|Any CPU
		{B3F588ED-0637-67A0-B780-673C74A08232}.Debug|Any CPU.Build.0 = Debug|Any CPU
		{B3F588ED-0637-67A0-B780-673C74A08232}.Release|Any CPU.ActiveCfg = Release|Any CPU
		{B3F588ED-0637-67A0-B780-673C74A08232}.Release|Any CPU.Build.0 = Release|Any CPU
		{086304CB-817A-5054-5F70-A875F8404E66}.Debug|Any CPU.ActiveCfg = Debug|Any CPU
		{086304CB-817A-5054-5F70-A875F8404E66}.Debug|Any CPU.Build.0 = Debug|Any CPU
		{086304CB-817A-5054-5F70-A875F8404E66}.Release|Any CPU.ActiveCfg = Release|Any CPU
		{086304CB-817A-5054-5F70-A875F8404E66}.Release|Any CPU.Build.0 = Release|Any CPU
	EndGlobalSection
	GlobalSection(SolutionProperties) = preSolution
		HideSolutionNode = FALSE
	EndGlobalSection
	GlobalSection(NestedProjects) = preSolution
		{AE81202C-9DC4-3E39-2D9C-BE05F86CA627} = {4B48EA40-26ED-A3BC-20D9-67585C081DD1}
		{AFB774ED-9069-F5BD-C8B0-109D1F6AB4D1} = {CD42F4DA-51E2-B10B-0E77-D7010FC64469}
		{EE1A9969-013D-091B-A05A-C88384564774} = {5C6F38EB-7C65-32B4-D6CF-C8BBDD8770B3}
		{C151033A-4461-4A61-7465-0FC8EC76C270} = {95A44A65-61D1-DA61-AC3F-50A3E4316201}
		{B6D1A6A7-9BD4-98C6-98E6-1B48CF16F5A5} = {78B6B6E1-DB83-2852-48AF-3DE0553535F0}
		{FD44EF79-81E0-F28A-E1A3-E4B81BFD0AD5} = {B6D1A6A7-9BD4-98C6-98E6-1B48CF16F5A5}
		{083B0719-BEFE-CC84-3748-F7727E319927} = {FFD381FB-4A87-78FB-4D1A-E634EF5E3E8C}
		{3D3680AB-844D-2D1F-E3F8-FCFEA59FDE69} = {FFD381FB-4A87-78FB-4D1A-E634EF5E3E8C}
		{BD5BAEEC-2BE3-9F19-53F5-00A3673434D4} = {FFD381FB-4A87-78FB-4D1A-E634EF5E3E8C}
		{B3F588ED-0637-67A0-B780-673C74A08232} = {FFD381FB-4A87-78FB-4D1A-E634EF5E3E8C}
		{D0FCA1F3-4DC8-FF05-9D0D-696D806EB835} = {78B6B6E1-DB83-2852-48AF-3DE0553535F0}
		{A0B8BE75-595E-3FB5-29C2-ABCBB7F7154B} = {D0FCA1F3-4DC8-FF05-9D0D-696D806EB835}
		{086304CB-817A-5054-5F70-A875F8404E66} = {A0B8BE75-595E-3FB5-29C2-ABCBB7F7154B}
	EndGlobalSection
	GlobalSection(ExtensibilityGlobals) = postSolution
		SolutionGuid = {22B93D61-66BB-4DBB-A456-EE03CA8CE1A3}
	EndGlobalSection
EndGlobal
